
Microsoft Visual Studio Solution File, Format Version 12.00
# Visual Studio Version 16
VisualStudioVersion = 16.0.29613.14
MinimumVisualStudioVersion = 10.0.40219.1
Project("{FAE04EC0-301F-11D3-BF4B-00C04F79EFBC}") = "TicketApp", "TicketApp.csproj", "{AB74FD36-E980-4251-815B-05BE5B92AAD5}"
EndProject
Global
	GlobalSection(SolutionConfigurationPlatforms) = preSolution
		Debug|Any CPU = Debug|Any CPU
		Release|Any CPU = Release|Any CPU
	EndGlobalSection
	GlobalSection(ProjectConfigurationPlatforms) = postSolution
		{AB74FD36-E980-4251-815B-05BE5B92AAD5}.Debug|Any CPU.ActiveCfg = Debug|Any CPU
		{AB74FD36-E980-4251-815B-05BE5B92AAD5}.Debug|Any CPU.Build.0 = Debug|Any CPU
		{AB74FD36-E980-4251-815B-05BE5B92AAD5}.Release|Any CPU.ActiveCfg = Release|Any CPU
		{AB74FD36-E980-4251-815B-05BE5B92AAD5}.Release|Any CPU.Build.0 = Release|Any CPU
	EndGlobalSection
	GlobalSection(SolutionProperties) = preSolution
		HideSolutionNode = FALSE
	EndGlobalSection
	GlobalSection(ExtensibilityGlobals) = postSolution
		SolutionGuid = {6DAF5928-ECE3-45C1-BEB1-696073115EAC}
	EndGlobalSection
EndGlobal
