
Microsoft Visual Studio Solution File, Format Version 12.00
# Visual Studio Version 16
VisualStudioVersion = 16.0.29613.14
MinimumVisualStudioVersion = 10.0.40219.1
Project("{FAE04EC0-301F-11D3-BF4B-00C04F79EFBC}") = "JoggingProgram", "JoggingProgram.csproj", "{650FC869-B5C2-4789-927F-F65D94C69351}"
EndProject
Global
	GlobalSection(SolutionConfigurationPlatforms) = preSolution
		Debug|Any CPU = Debug|Any CPU
		Release|Any CPU = Release|Any CPU
	EndGlobalSection
	GlobalSection(ProjectConfigurationPlatforms) = postSolution
		{650FC869-B5C2-4789-927F-F65D94C69351}.Debug|Any CPU.ActiveCfg = Debug|Any CPU
		{650FC869-B5C2-4789-927F-F65D94C69351}.Debug|Any CPU.Build.0 = Debug|Any CPU
		{650FC869-B5C2-4789-927F-F65D94C69351}.Release|Any CPU.ActiveCfg = Release|Any CPU
		{650FC869-B5C2-4789-927F-F65D94C69351}.Release|Any CPU.Build.0 = Release|Any CPU
	EndGlobalSection
	GlobalSection(SolutionProperties) = preSolution
		HideSolutionNode = FALSE
	EndGlobalSection
	GlobalSection(ExtensibilityGlobals) = postSolution
		SolutionGuid = {06962E76-6B14-4D32-9ED1-E91BE264D5A8}
	EndGlobalSection
EndGlobal
